
Microsoft Visual Studio Solution File, Format Version 12.00
# Visual Studio Version 17
VisualStudioVersion = 17.4.33103.184
MinimumVisualStudioVersion = 10.0.40219.1
Project("{2150E333-8FDC-42A3-9474-1A3956D46DE8}") = "FrontEnd", "FrontEnd", "{8E16EA1A-6BD9-4825-8D7A-AA767421520D}"
EndProject
Project("{9A19103F-16F7-4668-BE54-9A1E7A4F7556}") = "GloriousGames.Web", "GloriousGames.Web\GloriousGames.Web.csproj", "{E2C1A147-DDE8-4C32-8EB3-9F2CBB1BD678}"
EndProject
Project("{2150E333-8FDC-42A3-9474-1A3956D46DE8}") = "Services", "Services", "{B63F21EA-1995-4689-A09D-13D4192B7D21}"
EndProject
Project("{9A19103F-16F7-4668-BE54-9A1E7A4F7556}") = "GloriousGamesEcommerce.Services.ProductAPI", "GlouriousGamesEcommerce.Services.ProductAPI\GloriousGamesEcommerce.Services.ProductAPI.csproj", "{4BC1191A-25FB-4564-8B2B-CBBA06E81535}"
EndProject
Project("{9A19103F-16F7-4668-BE54-9A1E7A4F7556}") = "GloriousGamesEcommerce.Services.Identity", "GloriousGamesEcommerce.Services.Identity\GloriousGamesEcommerce.Services.Identity.csproj", "{081735A0-C347-4088-8413-5B1CB7D8D373}"
EndProject
Project("{9A19103F-16F7-4668-BE54-9A1E7A4F7556}") = "GloriousGamesEcommerce.Services.ShoppingCartAPI", "GloriousGamesEcommerce.Services.ShoppingCartAPI\GloriousGamesEcommerce.Services.ShoppingCartAPI.csproj", "{F13A1F42-9A1C-4438-BD54-7B579A8C860B}"
EndProject
Project("{FAE04EC0-301F-11D3-BF4B-00C04F79EFBC}") = "GloriousGames.Services.CouponAPI", "GloriousGames.Services.CouponAPI\GloriousGames.Services.CouponAPI.csproj", "{A28189A5-F419-4B31-A8A9-6D258840B4D7}"
EndProject
Global
	GlobalSection(SolutionConfigurationPlatforms) = preSolution
		Debug|Any CPU = Debug|Any CPU
		Release|Any CPU = Release|Any CPU
	EndGlobalSection
	GlobalSection(ProjectConfigurationPlatforms) = postSolution
		{E2C1A147-DDE8-4C32-8EB3-9F2CBB1BD678}.Debug|Any CPU.ActiveCfg = Debug|Any CPU
		{E2C1A147-DDE8-4C32-8EB3-9F2CBB1BD678}.Debug|Any CPU.Build.0 = Debug|Any CPU
		{E2C1A147-DDE8-4C32-8EB3-9F2CBB1BD678}.Release|Any CPU.ActiveCfg = Release|Any CPU
		{E2C1A147-DDE8-4C32-8EB3-9F2CBB1BD678}.Release|Any CPU.Build.0 = Release|Any CPU
		{4BC1191A-25FB-4564-8B2B-CBBA06E81535}.Debug|Any CPU.ActiveCfg = Debug|Any CPU
		{4BC1191A-25FB-4564-8B2B-CBBA06E81535}.Debug|Any CPU.Build.0 = Debug|Any CPU
		{4BC1191A-25FB-4564-8B2B-CBBA06E81535}.Release|Any CPU.ActiveCfg = Release|Any CPU
		{4BC1191A-25FB-4564-8B2B-CBBA06E81535}.Release|Any CPU.Build.0 = Release|Any CPU
		{081735A0-C347-4088-8413-5B1CB7D8D373}.Debug|Any CPU.ActiveCfg = Debug|Any CPU
		{081735A0-C347-4088-8413-5B1CB7D8D373}.Debug|Any CPU.Build.0 = Debug|Any CPU
		{081735A0-C347-4088-8413-5B1CB7D8D373}.Release|Any CPU.ActiveCfg = Release|Any CPU
		{081735A0-C347-4088-8413-5B1CB7D8D373}.Release|Any CPU.Build.0 = Release|Any CPU
		{F13A1F42-9A1C-4438-BD54-7B579A8C860B}.Debug|Any CPU.ActiveCfg = Debug|Any CPU
		{F13A1F42-9A1C-4438-BD54-7B579A8C860B}.Debug|Any CPU.Build.0 = Debug|Any CPU
		{F13A1F42-9A1C-4438-BD54-7B579A8C860B}.Release|Any CPU.ActiveCfg = Release|Any CPU
		{F13A1F42-9A1C-4438-BD54-7B579A8C860B}.Release|Any CPU.Build.0 = Release|Any CPU
		{A28189A5-F419-4B31-A8A9-6D258840B4D7}.Debug|Any CPU.ActiveCfg = Debug|Any CPU
		{A28189A5-F419-4B31-A8A9-6D258840B4D7}.Debug|Any CPU.Build.0 = Debug|Any CPU
		{A28189A5-F419-4B31-A8A9-6D258840B4D7}.Release|Any CPU.ActiveCfg = Release|Any CPU
		{A28189A5-F419-4B31-A8A9-6D258840B4D7}.Release|Any CPU.Build.0 = Release|Any CPU
	EndGlobalSection
	GlobalSection(SolutionProperties) = preSolution
		HideSolutionNode = FALSE
	EndGlobalSection
	GlobalSection(NestedProjects) = preSolution
		{E2C1A147-DDE8-4C32-8EB3-9F2CBB1BD678} = {8E16EA1A-6BD9-4825-8D7A-AA767421520D}
		{4BC1191A-25FB-4564-8B2B-CBBA06E81535} = {B63F21EA-1995-4689-A09D-13D4192B7D21}
		{081735A0-C347-4088-8413-5B1CB7D8D373} = {B63F21EA-1995-4689-A09D-13D4192B7D21}
		{F13A1F42-9A1C-4438-BD54-7B579A8C860B} = {B63F21EA-1995-4689-A09D-13D4192B7D21}
		{A28189A5-F419-4B31-A8A9-6D258840B4D7} = {B63F21EA-1995-4689-A09D-13D4192B7D21}
	EndGlobalSection
	GlobalSection(ExtensibilityGlobals) = postSolution
		SolutionGuid = {03A0BC04-9D7E-4510-8EC5-CF92B9E49803}
	EndGlobalSection
EndGlobal
